
Microsoft Visual Studio Solution File, Format Version 12.00
# Visual Studio Version 17
VisualStudioVersion = 17.7.34031.279
MinimumVisualStudioVersion = 10.0.40219.1
Project("{9A19103F-16F7-4668-BE54-9A1E7A4F7556}") = "WebApi", "WebApi\WebApi.csproj", "{7F196EC4-5699-454A-8976-B02019C40DAC}"
EndProject
Project("{FAE04EC0-301F-11D3-BF4B-00C04F79EFBC}") = "DataAccessLayer", "DataAccessLayer\DataAccessLayer.csproj", "{3E31CBEC-9EC8-40AE-A19B-A2D68066304C}"
EndProject
Project("{FAE04EC0-301F-11D3-BF4B-00C04F79EFBC}") = "BusinessAccessLayer", "BusinessAccessLayer\BusinessAccessLayer.csproj", "{3951A389-65FA-4E56-99C1-90896A780324}"
EndProject
Global
	GlobalSection(SolutionConfigurationPlatforms) = preSolution
		Debug|Any CPU = Debug|Any CPU
		Release|Any CPU = Release|Any CPU
	EndGlobalSection
	GlobalSection(ProjectConfigurationPlatforms) = postSolution
		{7F196EC4-5699-454A-8976-B02019C40DAC}.Debug|Any CPU.ActiveCfg = Debug|Any CPU
		{7F196EC4-5699-454A-8976-B02019C40DAC}.Debug|Any CPU.Build.0 = Debug|Any CPU
		{7F196EC4-5699-454A-8976-B02019C40DAC}.Release|Any CPU.ActiveCfg = Release|Any CPU
		{7F196EC4-5699-454A-8976-B02019C40DAC}.Release|Any CPU.Build.0 = Release|Any CPU
		{3E31CBEC-9EC8-40AE-A19B-A2D68066304C}.Debug|Any CPU.ActiveCfg = Debug|Any CPU
		{3E31CBEC-9EC8-40AE-A19B-A2D68066304C}.Debug|Any CPU.Build.0 = Debug|Any CPU
		{3E31CBEC-9EC8-40AE-A19B-A2D68066304C}.Release|Any CPU.ActiveCfg = Release|Any CPU
		{3E31CBEC-9EC8-40AE-A19B-A2D68066304C}.Release|Any CPU.Build.0 = Release|Any CPU
		{3951A389-65FA-4E56-99C1-90896A780324}.Debug|Any CPU.ActiveCfg = Debug|Any CPU
		{3951A389-65FA-4E56-99C1-90896A780324}.Debug|Any CPU.Build.0 = Debug|Any CPU
		{3951A389-65FA-4E56-99C1-90896A780324}.Release|Any CPU.ActiveCfg = Release|Any CPU
		{3951A389-65FA-4E56-99C1-90896A780324}.Release|Any CPU.Build.0 = Release|Any CPU
	EndGlobalSection
	GlobalSection(SolutionProperties) = preSolution
		HideSolutionNode = FALSE
	EndGlobalSection
	GlobalSection(ExtensibilityGlobals) = postSolution
		SolutionGuid = {01033C9B-C846-4BFF-B30E-8D27482F1439}
	EndGlobalSection
EndGlobal
